
Microsoft Visual Studio Solution File, Format Version 12.00
# Visual Studio Version 16
VisualStudioVersion = 16.0.31005.135
MinimumVisualStudioVersion = 10.0.40219.1
Project("{FAE04EC0-301F-11D3-BF4B-00C04F79EFBC}") = "week05", "week05\week05.csproj", "{589E7B19-069B-4C4B-9D78-01BE899A7942}"
EndProject
Global
	GlobalSection(SolutionConfigurationPlatforms) = preSolution
		Debug|Any CPU = Debug|Any CPU
		Release|Any CPU = Release|Any CPU
	EndGlobalSection
	GlobalSection(ProjectConfigurationPlatforms) = postSolution
		{589E7B19-069B-4C4B-9D78-01BE899A7942}.Debug|Any CPU.ActiveCfg = Debug|Any CPU
		{589E7B19-069B-4C4B-9D78-01BE899A7942}.Debug|Any CPU.Build.0 = Debug|Any CPU
		{589E7B19-069B-4C4B-9D78-01BE899A7942}.Release|Any CPU.ActiveCfg = Release|Any CPU
		{589E7B19-069B-4C4B-9D78-01BE899A7942}.Release|Any CPU.Build.0 = Release|Any CPU
	EndGlobalSection
	GlobalSection(SolutionProperties) = preSolution
		HideSolutionNode = FALSE
	EndGlobalSection
	GlobalSection(ExtensibilityGlobals) = postSolution
		SolutionGuid = {8B04CD69-DCBA-41D9-AE23-8873FE2727D8}
	EndGlobalSection
EndGlobal
