
Microsoft Visual Studio Solution File, Format Version 12.00
# Visual Studio Version 16
VisualStudioVersion = 16.0.31005.135
MinimumVisualStudioVersion = 10.0.40219.1
Project("{FAE04EC0-301F-11D3-BF4B-00C04F79EFBC}") = "week08", "week08\week08.csproj", "{E4CE1A5F-B149-4136-9B78-B128DB0ADC94}"
EndProject
Project("{FAE04EC0-301F-11D3-BF4B-00C04F79EFBC}") = "UnitTestExample.Test", "UnitTestExample.Test\UnitTestExample.Test.csproj", "{E9E3D31B-C59F-4BFA-97E0-844CA78B2FDE}"
EndProject
Global
	GlobalSection(SolutionConfigurationPlatforms) = preSolution
		Debug|Any CPU = Debug|Any CPU
		Release|Any CPU = Release|Any CPU
	EndGlobalSection
	GlobalSection(ProjectConfigurationPlatforms) = postSolution
		{E4CE1A5F-B149-4136-9B78-B128DB0ADC94}.Debug|Any CPU.ActiveCfg = Debug|Any CPU
		{E4CE1A5F-B149-4136-9B78-B128DB0ADC94}.Debug|Any CPU.Build.0 = Debug|Any CPU
		{E4CE1A5F-B149-4136-9B78-B128DB0ADC94}.Release|Any CPU.ActiveCfg = Release|Any CPU
		{E4CE1A5F-B149-4136-9B78-B128DB0ADC94}.Release|Any CPU.Build.0 = Release|Any CPU
		{E9E3D31B-C59F-4BFA-97E0-844CA78B2FDE}.Debug|Any CPU.ActiveCfg = Debug|Any CPU
		{E9E3D31B-C59F-4BFA-97E0-844CA78B2FDE}.Debug|Any CPU.Build.0 = Debug|Any CPU
		{E9E3D31B-C59F-4BFA-97E0-844CA78B2FDE}.Release|Any CPU.ActiveCfg = Release|Any CPU
		{E9E3D31B-C59F-4BFA-97E0-844CA78B2FDE}.Release|Any CPU.Build.0 = Release|Any CPU
	EndGlobalSection
	GlobalSection(SolutionProperties) = preSolution
		HideSolutionNode = FALSE
	EndGlobalSection
	GlobalSection(ExtensibilityGlobals) = postSolution
		SolutionGuid = {A20A0A74-E4B4-452F-BEC1-B4C34553082E}
	EndGlobalSection
EndGlobal
